
Microsoft Visual Studio Solution File, Format Version 12.00
# Visual Studio Version 17
VisualStudioVersion = 17.11.35327.3
MinimumVisualStudioVersion = 10.0.40219.1
Project("{FAE04EC0-301F-11D3-BF4B-00C04F79EFBC}") = "testing-monopoly", "testing-monopoly\testing-monopoly.csproj", "{3156A405-FC31-4399-B437-C2395E6D568C}"
EndProject
Project("{FAE04EC0-301F-11D3-BF4B-00C04F79EFBC}") = "Testing", "Testing\Testing.csproj", "{2A4774A1-2DBF-407A-A163-C18B4159833D}"
EndProject
Global
	GlobalSection(SolutionConfigurationPlatforms) = preSolution
		Debug|Any CPU = Debug|Any CPU
		Release|Any CPU = Release|Any CPU
	EndGlobalSection
	GlobalSection(ProjectConfigurationPlatforms) = postSolution
		{3156A405-FC31-4399-B437-C2395E6D568C}.Debug|Any CPU.ActiveCfg = Debug|Any CPU
		{3156A405-FC31-4399-B437-C2395E6D568C}.Debug|Any CPU.Build.0 = Debug|Any CPU
		{3156A405-FC31-4399-B437-C2395E6D568C}.Release|Any CPU.ActiveCfg = Release|Any CPU
		{3156A405-FC31-4399-B437-C2395E6D568C}.Release|Any CPU.Build.0 = Release|Any CPU
		{2A4774A1-2DBF-407A-A163-C18B4159833D}.Debug|Any CPU.ActiveCfg = Debug|Any CPU
		{2A4774A1-2DBF-407A-A163-C18B4159833D}.Debug|Any CPU.Build.0 = Debug|Any CPU
		{2A4774A1-2DBF-407A-A163-C18B4159833D}.Release|Any CPU.ActiveCfg = Release|Any CPU
		{2A4774A1-2DBF-407A-A163-C18B4159833D}.Release|Any CPU.Build.0 = Release|Any CPU
	EndGlobalSection
	GlobalSection(SolutionProperties) = preSolution
		HideSolutionNode = FALSE
	EndGlobalSection
	GlobalSection(ExtensibilityGlobals) = postSolution
		SolutionGuid = {7A40D013-72AF-4B9A-81AF-1D95A70498CB}
	EndGlobalSection
EndGlobal
